
Microsoft Visual Studio Solution File, Format Version 12.00
# Visual Studio 15
VisualStudioVersion = 15.0.27130.2036
MinimumVisualStudioVersion = 10.0.40219.1
Project("{FAE04EC0-301F-11D3-BF4B-00C04F79EFBC}") = "dbView", "dbView\dbView.csproj", "{00168F9A-52ED-4447-A286-14241FFCEB9D}"
EndProject
Global
	GlobalSection(SolutionConfigurationPlatforms) = preSolution
		Debug|Any CPU = Debug|Any CPU
		Debug|x86 = Debug|x86
		Release|Any CPU = Release|Any CPU
		Release|x86 = Release|x86
	EndGlobalSection
	GlobalSection(ProjectConfigurationPlatforms) = postSolution
		{00168F9A-52ED-4447-A286-14241FFCEB9D}.Debug|Any CPU.ActiveCfg = Debug|Any CPU
		{00168F9A-52ED-4447-A286-14241FFCEB9D}.Debug|Any CPU.Build.0 = Debug|Any CPU
		{00168F9A-52ED-4447-A286-14241FFCEB9D}.Debug|x86.ActiveCfg = Debug|Any CPU
		{00168F9A-52ED-4447-A286-14241FFCEB9D}.Debug|x86.Build.0 = Debug|Any CPU
		{00168F9A-52ED-4447-A286-14241FFCEB9D}.Release|Any CPU.ActiveCfg = Release|Any CPU
		{00168F9A-52ED-4447-A286-14241FFCEB9D}.Release|Any CPU.Build.0 = Release|Any CPU
		{00168F9A-52ED-4447-A286-14241FFCEB9D}.Release|x86.ActiveCfg = Release|x86
		{00168F9A-52ED-4447-A286-14241FFCEB9D}.Release|x86.Build.0 = Release|x86
	EndGlobalSection
	GlobalSection(SolutionProperties) = preSolution
		HideSolutionNode = FALSE
	EndGlobalSection
	GlobalSection(ExtensibilityGlobals) = postSolution
		SolutionGuid = {0E1A99A9-2AF6-4B1D-A3A7-72BA22C7816F}
	EndGlobalSection
EndGlobal
